
Microsoft Visual Studio Solution File, Format Version 12.00
# Visual Studio Version 17
VisualStudioVersion = 17.5.33530.505
MinimumVisualStudioVersion = 10.0.40219.1
Project("{FAE04EC0-301F-11D3-BF4B-00C04F79EFBC}") = "Zikl", "Zikl\Zikl.csproj", "{8CF2BA03-5F2D-4830-AAC0-2D59A4D22152}"
EndProject
Global
	GlobalSection(SolutionConfigurationPlatforms) = preSolution
		Debug|Any CPU = Debug|Any CPU
		Release|Any CPU = Release|Any CPU
	EndGlobalSection
	GlobalSection(ProjectConfigurationPlatforms) = postSolution
		{8CF2BA03-5F2D-4830-AAC0-2D59A4D22152}.Debug|Any CPU.ActiveCfg = Debug|Any CPU
		{8CF2BA03-5F2D-4830-AAC0-2D59A4D22152}.Debug|Any CPU.Build.0 = Debug|Any CPU
		{8CF2BA03-5F2D-4830-AAC0-2D59A4D22152}.Release|Any CPU.ActiveCfg = Release|Any CPU
		{8CF2BA03-5F2D-4830-AAC0-2D59A4D22152}.Release|Any CPU.Build.0 = Release|Any CPU
	EndGlobalSection
	GlobalSection(SolutionProperties) = preSolution
		HideSolutionNode = FALSE
	EndGlobalSection
	GlobalSection(ExtensibilityGlobals) = postSolution
		SolutionGuid = {774180E8-4C4E-4665-AFF1-A022A497024F}
	EndGlobalSection
EndGlobal
